
Microsoft Visual Studio Solution File, Format Version 12.00
# Visual Studio Version 16
VisualStudioVersion = 16.0.29409.12
MinimumVisualStudioVersion = 10.0.40219.1
Project("{FAE04EC0-301F-11D3-BF4B-00C04F79EFBC}") = "Eng", "Eng\Eng.csproj", "{BDA30E01-E437-48AE-B6B0-EF5A54758038}"
EndProject
Global
	GlobalSection(SolutionConfigurationPlatforms) = preSolution
		Debug|Any CPU = Debug|Any CPU
		Release|Any CPU = Release|Any CPU
	EndGlobalSection
	GlobalSection(ProjectConfigurationPlatforms) = postSolution
		{BDA30E01-E437-48AE-B6B0-EF5A54758038}.Debug|Any CPU.ActiveCfg = Debug|Any CPU
		{BDA30E01-E437-48AE-B6B0-EF5A54758038}.Debug|Any CPU.Build.0 = Debug|Any CPU
		{BDA30E01-E437-48AE-B6B0-EF5A54758038}.Release|Any CPU.ActiveCfg = Release|Any CPU
		{BDA30E01-E437-48AE-B6B0-EF5A54758038}.Release|Any CPU.Build.0 = Release|Any CPU
	EndGlobalSection
	GlobalSection(SolutionProperties) = preSolution
		HideSolutionNode = FALSE
	EndGlobalSection
	GlobalSection(ExtensibilityGlobals) = postSolution
		SolutionGuid = {11AB6EEA-ADB4-486C-BDB3-C26A6B606CF4}
	EndGlobalSection
EndGlobal
